
Microsoft Visual Studio Solution File, Format Version 12.00
# Visual Studio Version 17
VisualStudioVersion = 17.3.32922.545
MinimumVisualStudioVersion = 10.0.40219.1
Project("{8BC9CEB8-8B4A-11D0-8D11-00A0C91BC942}") = "Bai1_dslk", "Bai1_dslk\Bai1_dslk.vcxproj", "{9A01998F-EC3F-4E87-B7AB-70236C242782}"
EndProject
Global
	GlobalSection(SolutionConfigurationPlatforms) = preSolution
		Debug|x64 = Debug|x64
		Debug|x86 = Debug|x86
		Release|x64 = Release|x64
		Release|x86 = Release|x86
	EndGlobalSection
	GlobalSection(ProjectConfigurationPlatforms) = postSolution
		{9A01998F-EC3F-4E87-B7AB-70236C242782}.Debug|x64.ActiveCfg = Debug|x64
		{9A01998F-EC3F-4E87-B7AB-70236C242782}.Debug|x64.Build.0 = Debug|x64
		{9A01998F-EC3F-4E87-B7AB-70236C242782}.Debug|x86.ActiveCfg = Debug|Win32
		{9A01998F-EC3F-4E87-B7AB-70236C242782}.Debug|x86.Build.0 = Debug|Win32
		{9A01998F-EC3F-4E87-B7AB-70236C242782}.Release|x64.ActiveCfg = Release|x64
		{9A01998F-EC3F-4E87-B7AB-70236C242782}.Release|x64.Build.0 = Release|x64
		{9A01998F-EC3F-4E87-B7AB-70236C242782}.Release|x86.ActiveCfg = Release|Win32
		{9A01998F-EC3F-4E87-B7AB-70236C242782}.Release|x86.Build.0 = Release|Win32
	EndGlobalSection
	GlobalSection(SolutionProperties) = preSolution
		HideSolutionNode = FALSE
	EndGlobalSection
	GlobalSection(ExtensibilityGlobals) = postSolution
		SolutionGuid = {E60C8047-78DE-4401-AA8E-5162D703642C}
	EndGlobalSection
EndGlobal
